
Microsoft Visual Studio Solution File, Format Version 12.00
# Visual Studio Version 16
VisualStudioVersion = 16.0.30114.105
MinimumVisualStudioVersion = 10.0.40219.1
Project("{FAE04EC0-301F-11D3-BF4B-00C04F79EFBC}") = "puppy.api", "puppy.api\puppy.api.csproj", "{9E4DEF59-DE62-43CC-BB13-8D0F6940C630}"
EndProject
Global
	GlobalSection(SolutionConfigurationPlatforms) = preSolution
		Debug|Any CPU = Debug|Any CPU
		Release|Any CPU = Release|Any CPU
	EndGlobalSection
	GlobalSection(SolutionProperties) = preSolution
		HideSolutionNode = FALSE
	EndGlobalSection
	GlobalSection(ProjectConfigurationPlatforms) = postSolution
		{9E4DEF59-DE62-43CC-BB13-8D0F6940C630}.Debug|Any CPU.ActiveCfg = Debug|Any CPU
		{9E4DEF59-DE62-43CC-BB13-8D0F6940C630}.Debug|Any CPU.Build.0 = Debug|Any CPU
		{9E4DEF59-DE62-43CC-BB13-8D0F6940C630}.Release|Any CPU.ActiveCfg = Release|Any CPU
		{9E4DEF59-DE62-43CC-BB13-8D0F6940C630}.Release|Any CPU.Build.0 = Release|Any CPU
	EndGlobalSection
EndGlobal
